
Microsoft Visual Studio Solution File, Format Version 12.00
# Visual Studio Version 17
VisualStudioVersion = 17.5.33424.131
MinimumVisualStudioVersion = 10.0.40219.1
Project("{2150E333-8FDC-42A3-9474-1A3956D46DE8}") = "0-Infrastructure", "0-Infrastructure", "{DF5D4B16-C496-4F1D-9787-53754D973B38}"
EndProject
Project("{FAE04EC0-301F-11D3-BF4B-00C04F79EFBC}") = "OpenSDK.ChatGPT", "D:\chatgpt\src\infrastructure\OpenSDK.ChatGPT\OpenSDK.ChatGPT.csproj", "{3CA4FF58-CCE9-4D0B-BF94-2E8E303BE879}"
EndProject
Project("{FAE04EC0-301F-11D3-BF4B-00C04F79EFBC}") = "ChatGPT.Console", "D:\chatgpt\src\test\ChatGPT.Console\ChatGPT.Console.csproj", "{E8D35BF3-D0BB-44AE-8C15-D477025FCCDF}"
EndProject
Global
	GlobalSection(SolutionConfigurationPlatforms) = preSolution
		Debug|Any CPU = Debug|Any CPU
		Release|Any CPU = Release|Any CPU
	EndGlobalSection
	GlobalSection(ProjectConfigurationPlatforms) = postSolution
		{3CA4FF58-CCE9-4D0B-BF94-2E8E303BE879}.Debug|Any CPU.ActiveCfg = Debug|Any CPU
		{3CA4FF58-CCE9-4D0B-BF94-2E8E303BE879}.Debug|Any CPU.Build.0 = Debug|Any CPU
		{3CA4FF58-CCE9-4D0B-BF94-2E8E303BE879}.Release|Any CPU.ActiveCfg = Release|Any CPU
		{3CA4FF58-CCE9-4D0B-BF94-2E8E303BE879}.Release|Any CPU.Build.0 = Release|Any CPU
		{E8D35BF3-D0BB-44AE-8C15-D477025FCCDF}.Debug|Any CPU.ActiveCfg = Debug|Any CPU
		{E8D35BF3-D0BB-44AE-8C15-D477025FCCDF}.Debug|Any CPU.Build.0 = Debug|Any CPU
		{E8D35BF3-D0BB-44AE-8C15-D477025FCCDF}.Release|Any CPU.ActiveCfg = Release|Any CPU
		{E8D35BF3-D0BB-44AE-8C15-D477025FCCDF}.Release|Any CPU.Build.0 = Release|Any CPU
	EndGlobalSection
	GlobalSection(SolutionProperties) = preSolution
		HideSolutionNode = FALSE
	EndGlobalSection
	GlobalSection(NestedProjects) = preSolution
		{3CA4FF58-CCE9-4D0B-BF94-2E8E303BE879} = {DF5D4B16-C496-4F1D-9787-53754D973B38}
	EndGlobalSection
	GlobalSection(ExtensibilityGlobals) = postSolution
		SolutionGuid = {1C5411C2-5890-4BC7-A80D-517D004A705F}
	EndGlobalSection
EndGlobal
